
Microsoft Visual Studio Solution File, Format Version 12.00
# Visual Studio Version 17
VisualStudioVersion = 17.3.32929.385
MinimumVisualStudioVersion = 10.0.40219.1
Project("{FAE04EC0-301F-11D3-BF4B-00C04F79EFBC}") = "UniformParties", "UniformParties\UniformParties.csproj", "{4AB0840E-CB88-459C-BD70-696E09B266A2}"
EndProject
Global
	GlobalSection(SolutionConfigurationPlatforms) = preSolution
		Debug|x64 = Debug|x64
		Release|x64 = Release|x64
	EndGlobalSection
	GlobalSection(ProjectConfigurationPlatforms) = postSolution
		{4AB0840E-CB88-459C-BD70-696E09B266A2}.Debug|x64.ActiveCfg = Debug|x64
		{4AB0840E-CB88-459C-BD70-696E09B266A2}.Debug|x64.Build.0 = Debug|x64
		{4AB0840E-CB88-459C-BD70-696E09B266A2}.Release|x64.ActiveCfg = Release|x64
		{4AB0840E-CB88-459C-BD70-696E09B266A2}.Release|x64.Build.0 = Release|x64
	EndGlobalSection
	GlobalSection(SolutionProperties) = preSolution
		HideSolutionNode = FALSE
	EndGlobalSection
	GlobalSection(ExtensibilityGlobals) = postSolution
		SolutionGuid = {190BF54B-9D71-41CE-A9C0-2DD77F704100}
	EndGlobalSection
EndGlobal
